
Microsoft Visual Studio Solution File, Format Version 12.00
# Visual Studio 15
VisualStudioVersion = 15.0.28307.779
MinimumVisualStudioVersion = 10.0.40219.1
Project("{FAE04EC0-301F-11D3-BF4B-00C04F79EFBC}") = "Contador", "Contador\Contador.csproj", "{9786CD68-2569-40DB-82D2-0242D8D37C1B}"
EndProject
Global
	GlobalSection(SolutionConfigurationPlatforms) = preSolution
		Debug|Any CPU = Debug|Any CPU
		Release|Any CPU = Release|Any CPU
	EndGlobalSection
	GlobalSection(ProjectConfigurationPlatforms) = postSolution
		{9786CD68-2569-40DB-82D2-0242D8D37C1B}.Debug|Any CPU.ActiveCfg = Debug|Any CPU
		{9786CD68-2569-40DB-82D2-0242D8D37C1B}.Debug|Any CPU.Build.0 = Debug|Any CPU
		{9786CD68-2569-40DB-82D2-0242D8D37C1B}.Release|Any CPU.ActiveCfg = Release|Any CPU
		{9786CD68-2569-40DB-82D2-0242D8D37C1B}.Release|Any CPU.Build.0 = Release|Any CPU
	EndGlobalSection
	GlobalSection(SolutionProperties) = preSolution
		HideSolutionNode = FALSE
	EndGlobalSection
	GlobalSection(ExtensibilityGlobals) = postSolution
		SolutionGuid = {AB901C96-CC4A-4333-8A94-C40F754719E2}
	EndGlobalSection
EndGlobal
